
Microsoft Visual Studio Solution File, Format Version 12.00
# Visual Studio Version 16
VisualStudioVersion = 16.0.30611.23
MinimumVisualStudioVersion = 10.0.40219.1
Project("{FAE04EC0-301F-11D3-BF4B-00C04F79EFBC}") = "MLangD", "MLangD\MLangD.csproj", "{01DF06C4-06AB-4318-AE79-E151DAA877B5}"
EndProject
Global
	GlobalSection(SolutionConfigurationPlatforms) = preSolution
		Debug|Any CPU = Debug|Any CPU
		Debug|x64 = Debug|x64
		MLangD|Any CPU = MLangD|Any CPU
		MLangD|x64 = MLangD|x64
		Release|Any CPU = Release|Any CPU
		Release|x64 = Release|x64
	EndGlobalSection
	GlobalSection(ProjectConfigurationPlatforms) = postSolution
		{01DF06C4-06AB-4318-AE79-E151DAA877B5}.Debug|Any CPU.ActiveCfg = Debug|Any CPU
		{01DF06C4-06AB-4318-AE79-E151DAA877B5}.Debug|Any CPU.Build.0 = Debug|Any CPU
		{01DF06C4-06AB-4318-AE79-E151DAA877B5}.Debug|x64.ActiveCfg = Debug|x64
		{01DF06C4-06AB-4318-AE79-E151DAA877B5}.Debug|x64.Build.0 = Debug|x64
		{01DF06C4-06AB-4318-AE79-E151DAA877B5}.MLangD|Any CPU.ActiveCfg = MLangD|Any CPU
		{01DF06C4-06AB-4318-AE79-E151DAA877B5}.MLangD|Any CPU.Build.0 = MLangD|Any CPU
		{01DF06C4-06AB-4318-AE79-E151DAA877B5}.MLangD|x64.ActiveCfg = MLangD|x64
		{01DF06C4-06AB-4318-AE79-E151DAA877B5}.MLangD|x64.Build.0 = MLangD|x64
		{01DF06C4-06AB-4318-AE79-E151DAA877B5}.Release|Any CPU.ActiveCfg = Release|Any CPU
		{01DF06C4-06AB-4318-AE79-E151DAA877B5}.Release|Any CPU.Build.0 = Release|Any CPU
		{01DF06C4-06AB-4318-AE79-E151DAA877B5}.Release|x64.ActiveCfg = Release|x64
		{01DF06C4-06AB-4318-AE79-E151DAA877B5}.Release|x64.Build.0 = Release|x64
	EndGlobalSection
	GlobalSection(SolutionProperties) = preSolution
		HideSolutionNode = FALSE
	EndGlobalSection
	GlobalSection(ExtensibilityGlobals) = postSolution
		SolutionGuid = {10134998-7C16-4609-8F97-B294F846693E}
	EndGlobalSection
EndGlobal
